{
  "version": 4,
  "terraform_version": "1.13.4",
  "serial": 23,
  "lineage": "c37890d2-db17-3a14-5c7f-b6d57052c7de",
  "outputs": {},
  "resources": [
    {
      "mode": "managed",
      "type": "docker_image",
      "name": "nginx",
      "provider": "provider[\"registry.terraform.io/kreuzwerker/docker\"]",
      "instances": [
        {
          "schema_version": 0,
          "attributes": {
            "build": [],
            "force_remove": null,
            "id": "sha256:b619c34a163ac12f68c1982568a122c4953dbf3126b8dbf0cc2f6fdbfd85de27nginx:latest",
            "image_id": "sha256:b619c34a163ac12f68c1982568a122c4953dbf3126b8dbf0cc2f6fdbfd85de27",
            "keep_locally": null,
            "name": "nginx:latest",
            "platform": null,
            "pull_triggers": null,
            "repo_digest": "nginx@sha256:b619c34a163ac12f68c1982568a122c4953dbf3126b8dbf0cc2f6fdbfd85de27",
            "timeouts": null,
            "triggers": null
          },
          "sensitive_attributes": [],
          "identity_schema_version": 0,
          "private": "eyJlMmJmYjczMC1lY2FhLTExZTYtOGY4OC0zNDM2M2JjN2M0YzAiOnsiY3JlYXRlIjoxMjAwMDAwMDAwMDAwLCJkZWxldGUiOjEyMDAwMDAwMDAwMDAsInVwZGF0ZSI6MTIwMDAwMDAwMDAwMH19"
        }
      ]
    }
  ],
  "check_results": null
}
